
Microsoft Visual Studio Solution File, Format Version 12.00
# Visual Studio Version 17
VisualStudioVersion = 17.14.36202.13
MinimumVisualStudioVersion = 10.0.40219.1
Project("{FAE04EC0-301F-11D3-BF4B-00C04F79EFBC}") = "BurstTrie", "BurstTrie\BurstTrie.csproj", "{D53FD139-AD00-4C96-86D4-9AB6F64EED95}"
EndProject
Project("{FAE04EC0-301F-11D3-BF4B-00C04F79EFBC}") = "TestProject1", "TestProject1\TestProject1.csproj", "{63266182-069C-4A35-BACF-C75F2D7CD613}"
EndProject
Project("{FAE04EC0-301F-11D3-BF4B-00C04F79EFBC}") = "Consolezproject", "Consolezproject\Consolezproject.csproj", "{0CF470B2-7438-4A9C-8793-62C8D78E4923}"
EndProject
Global
	GlobalSection(SolutionConfigurationPlatforms) = preSolution
		Debug|Any CPU = Debug|Any CPU
		Release|Any CPU = Release|Any CPU
	EndGlobalSection
	GlobalSection(ProjectConfigurationPlatforms) = postSolution
		{D53FD139-AD00-4C96-86D4-9AB6F64EED95}.Debug|Any CPU.ActiveCfg = Debug|Any CPU
		{D53FD139-AD00-4C96-86D4-9AB6F64EED95}.Debug|Any CPU.Build.0 = Debug|Any CPU
		{D53FD139-AD00-4C96-86D4-9AB6F64EED95}.Release|Any CPU.ActiveCfg = Release|Any CPU
		{D53FD139-AD00-4C96-86D4-9AB6F64EED95}.Release|Any CPU.Build.0 = Release|Any CPU
		{63266182-069C-4A35-BACF-C75F2D7CD613}.Debug|Any CPU.ActiveCfg = Debug|Any CPU
		{63266182-069C-4A35-BACF-C75F2D7CD613}.Debug|Any CPU.Build.0 = Debug|Any CPU
		{63266182-069C-4A35-BACF-C75F2D7CD613}.Release|Any CPU.ActiveCfg = Release|Any CPU
		{63266182-069C-4A35-BACF-C75F2D7CD613}.Release|Any CPU.Build.0 = Release|Any CPU
		{0CF470B2-7438-4A9C-8793-62C8D78E4923}.Debug|Any CPU.ActiveCfg = Debug|Any CPU
		{0CF470B2-7438-4A9C-8793-62C8D78E4923}.Debug|Any CPU.Build.0 = Debug|Any CPU
		{0CF470B2-7438-4A9C-8793-62C8D78E4923}.Release|Any CPU.ActiveCfg = Release|Any CPU
		{0CF470B2-7438-4A9C-8793-62C8D78E4923}.Release|Any CPU.Build.0 = Release|Any CPU
	EndGlobalSection
	GlobalSection(SolutionProperties) = preSolution
		HideSolutionNode = FALSE
	EndGlobalSection
	GlobalSection(ExtensibilityGlobals) = postSolution
		SolutionGuid = {A624EE48-DA44-4EDA-98B9-34678644D213}
	EndGlobalSection
EndGlobal
